// !$*UTF8*$!
{
	archiveVersion = 1;
	classes = {
	};
	objectVersion = 46;
	objects = {

/* Begin PBXBuildFile section */
		C932448C18D6C6EC00FD3BDE /* main.m in Sources */ = {isa = PBXBuildFile; fileRef = C932448B18D6C6EC00FD3BDE /* main.m */; };
		C932449018D6C6EC00FD3BDE /* PPPAppDelegate.m in Sources */ = {isa = PBXBuildFile; fileRef = C932448F18D6C6EC00FD3BDE /* PPPAppDelegate.m */; };
		C932449218D6C6EC00FD3BDE /* Images.xcassets in Resources */ = {isa = PBXBuildFile; fileRef = C932449118D6C6EC00FD3BDE /* Images.xcassets */; };
		C93244A518D6C6EC00FD3BDE /* PaperPlaneTests.m in Sources */ = {isa = PBXBuildFile; fileRef = C93244A418D6C6EC00FD3BDE /* PaperPlaneTests.m */; };
		C95B622418DA2199000C0058 /* PPPConversationViewController.m in Sources */ = {isa = PBXBuildFile; fileRef = C95B622318DA2199000C0058 /* PPPConversationViewController.m */; };
		C9DEABA218D82B5B0092B1D4 /* PPPMessageTableViewController.m in Sources */ = {isa = PBXBuildFile; fileRef = C9DEABA118D82B5B0092B1D4 /* PPPMessageTableViewController.m */; };
		C9DEABA518D82C530092B1D4 /* PPPMessage.m in Sources */ = {isa = PBXBuildFile; fileRef = C9DEABA418D82C530092B1D4 /* PPPMessage.m */; };
		C9DEABA918D82EE10092B1D4 /* PPPConversation.m in Sources */ = {isa = PBXBuildFile; fileRef = C9DEABA818D82EE10092B1D4 /* PPPConversation.m */; };
/* End PBXBuildFile section */

/* Begin PBXContainerItemProxy section */
		C932449C18D6C6EC00FD3BDE /* PBXContainerItemProxy */ = {
			isa = PBXContainerItemProxy;
			containerPortal = C932447418D6C6EC00FD3BDE /* Project object */;
			proxyType = 1;
			remoteGlobalIDString = C932447B18D6C6EC00FD3BDE;
			remoteInfo = PaperPlane;
		};
/* End PBXContainerItemProxy section */

/* Begin PBXFileReference section */
		C932447C18D6C6EC00FD3BDE /* PaperPlane.app */ = {isa = PBXFileReference; explicitFileType = wrapper.application; includeInIndex = 0; path = PaperPlane.app; sourceTree = BUILT_PRODUCTS_DIR; };
		C932448718D6C6EC00FD3BDE /* PaperPlane-Info.plist */ = {isa = PBXFileReference; lastKnownFileType = text.plist.xml; path = "PaperPlane-Info.plist"; sourceTree = "<group>"; };
		C932448B18D6C6EC00FD3BDE /* main.m */ = {isa = PBXFileReference; lastKnownFileType = sourcecode.c.objc; path = main.m; sourceTree = "<group>"; };
		C932448E18D6C6EC00FD3BDE /* PPPAppDelegate.h */ = {isa = PBXFileReference; lastKnownFileType = sourcecode.c.h; path = PPPAppDelegate.h; sourceTree = "<group>"; };
		C932448F18D6C6EC00FD3BDE /* PPPAppDelegate.m */ = {isa = PBXFileReference; lastKnownFileType = sourcecode.c.objc; path = PPPAppDelegate.m; sourceTree = "<group>"; };
		C932449118D6C6EC00FD3BDE /* Images.xcassets */ = {isa = PBXFileReference; lastKnownFileType = folder.assetcatalog; path = Images.xcassets; sourceTree = "<group>"; };
		C932449718D6C6EC00FD3BDE /* PaperPlaneTests.xctest */ = {isa = PBXFileReference; explicitFileType = wrapper.cfbundle; includeInIndex = 0; path = PaperPlaneTests.xctest; sourceTree = BUILT_PRODUCTS_DIR; };
		C93244A418D6C6EC00FD3BDE /* PaperPlaneTests.m */ = {isa = PBXFileReference; lastKnownFileType = sourcecode.c.objc; path = PaperPlaneTests.m; sourceTree = "<group>"; };
		C95B622218DA2199000C0058 /* PPPConversationViewController.h */ = {isa = PBXFileReference; fileEncoding = 4; lastKnownFileType = sourcecode.c.h; path = PPPConversationViewController.h; sourceTree = "<group>"; };
		C95B622318DA2199000C0058 /* PPPConversationViewController.m */ = {isa = PBXFileReference; fileEncoding = 4; lastKnownFileType = sourcecode.c.objc; path = PPPConversationViewController.m; sourceTree = "<group>"; };
		C9DEABA018D82B5B0092B1D4 /* PPPMessageTableViewController.h */ = {isa = PBXFileReference; fileEncoding = 4; lastKnownFileType = sourcecode.c.h; path = PPPMessageTableViewController.h; sourceTree = "<group>"; };
		C9DEABA118D82B5B0092B1D4 /* PPPMessageTableViewController.m */ = {isa = PBXFileReference; fileEncoding = 4; lastKnownFileType = sourcecode.c.objc; path = PPPMessageTableViewController.m; sourceTree = "<group>"; };
		C9DEABA318D82C530092B1D4 /* PPPMessage.h */ = {isa = PBXFileReference; fileEncoding = 4; lastKnownFileType = sourcecode.c.h; path = PPPMessage.h; sourceTree = "<group>"; };
		C9DEABA418D82C530092B1D4 /* PPPMessage.m */ = {isa = PBXFileReference; fileEncoding = 4; lastKnownFileType = sourcecode.c.objc; path = PPPMessage.m; sourceTree = "<group>"; };
		C9DEABA718D82EE10092B1D4 /* PPPConversation.h */ = {isa = PBXFileReference; fileEncoding = 4; lastKnownFileType = sourcecode.c.h; path = PPPConversation.h; sourceTree = "<group>"; };
		C9DEABA818D82EE10092B1D4 /* PPPConversation.m */ = {isa = PBXFileReference; fileEncoding = 4; lastKnownFileType = sourcecode.c.objc; path = PPPConversation.m; sourceTree = "<group>"; };
/* End PBXFileReference section */

/* Begin PBXFrameworksBuildPhase section */
		C932447918D6C6EC00FD3BDE /* Frameworks */ = {
			isa = PBXFrameworksBuildPhase;
			buildActionMask = 2147483647;
			files = (
			);
			runOnlyForDeploymentPostprocessing = 0;
		};
		C932449418D6C6EC00FD3BDE /* Frameworks */ = {
			isa = PBXFrameworksBuildPhase;
			buildActionMask = 2147483647;
			files = (
			);
			runOnlyForDeploymentPostprocessing = 0;
		};
/* End PBXFrameworksBuildPhase section */

/* Begin PBXGroup section */
		C932447318D6C6EC00FD3BDE = {
			isa = PBXGroup;
			children = (
				C932448518D6C6EC00FD3BDE /* PaperPlane */,
				C932449E18D6C6EC00FD3BDE /* PaperPlaneTests */,
				C932447D18D6C6EC00FD3BDE /* Products */,
			);
			sourceTree = "<group>";
		};
		C932447D18D6C6EC00FD3BDE /* Products */ = {
			isa = PBXGroup;
			children = (
				C932447C18D6C6EC00FD3BDE /* PaperPlane.app */,
				C932449718D6C6EC00FD3BDE /* PaperPlaneTests.xctest */,
			);
			name = Products;
			sourceTree = "<group>";
		};
		C932448518D6C6EC00FD3BDE /* PaperPlane */ = {
			isa = PBXGroup;
			children = (
				C9EB386718D6CCC300644E0A /* Source */,
				C9EB386618D6CAEE00644E0A /* Assets */,
				C932448618D6C6EC00FD3BDE /* Supporting Files */,
			);
			path = PaperPlane;
			sourceTree = "<group>";
		};
		C932448618D6C6EC00FD3BDE /* Supporting Files */ = {
			isa = PBXGroup;
			children = (
				C932448B18D6C6EC00FD3BDE /* main.m */,
				C932448718D6C6EC00FD3BDE /* PaperPlane-Info.plist */,
			);
			name = "Supporting Files";
			sourceTree = "<group>";
		};
		C932449E18D6C6EC00FD3BDE /* PaperPlaneTests */ = {
			isa = PBXGroup;
			children = (
				C93244A418D6C6EC00FD3BDE /* PaperPlaneTests.m */,
			);
			path = PaperPlaneTests;
			sourceTree = "<group>";
		};
		C9DEABA618D82EC50092B1D4 /* Model */ = {
			isa = PBXGroup;
			children = (
				C9DEABA318D82C530092B1D4 /* PPPMessage.h */,
				C9DEABA418D82C530092B1D4 /* PPPMessage.m */,
				C9DEABA718D82EE10092B1D4 /* PPPConversation.h */,
				C9DEABA818D82EE10092B1D4 /* PPPConversation.m */,
			);
			name = Model;
			sourceTree = "<group>";
		};
		C9EB386618D6CAEE00644E0A /* Assets */ = {
			isa = PBXGroup;
			children = (
				C932449118D6C6EC00FD3BDE /* Images.xcassets */,
			);
			path = Assets;
			sourceTree = "<group>";
		};
		C9EB386718D6CCC300644E0A /* Source */ = {
			isa = PBXGroup;
			children = (
				C932448E18D6C6EC00FD3BDE /* PPPAppDelegate.h */,
				C932448F18D6C6EC00FD3BDE /* PPPAppDelegate.m */,
				C95B622218DA2199000C0058 /* PPPConversationViewController.h */,
				C95B622318DA2199000C0058 /* PPPConversationViewController.m */,
				C9DEABA018D82B5B0092B1D4 /* PPPMessageTableViewController.h */,
				C9DEABA118D82B5B0092B1D4 /* PPPMessageTableViewController.m */,
				C9DEABA618D82EC50092B1D4 /* Model */,
			);
			path = Source;
			sourceTree = "<group>";
		};
/* End PBXGroup section */

/* Begin PBXNativeTarget section */
		C932447B18D6C6EC00FD3BDE /* PaperPlane */ = {
			isa = PBXNativeTarget;
			buildConfigurationList = C93244A818D6C6EC00FD3BDE /* Build configuration list for PBXNativeTarget "PaperPlane" */;
			buildPhases = (
				C932447818D6C6EC00FD3BDE /* Sources */,
				C932447918D6C6EC00FD3BDE /* Frameworks */,
				C932447A18D6C6EC00FD3BDE /* Resources */,
			);
			buildRules = (
			);
			dependencies = (
			);
			name = PaperPlane;
			productName = PaperPlane;
			productReference = C932447C18D6C6EC00FD3BDE /* PaperPlane.app */;
			productType = "com.apple.product-type.application";
		};
		C932449618D6C6EC00FD3BDE /* PaperPlaneTests */ = {
			isa = PBXNativeTarget;
			buildConfigurationList = C93244AB18D6C6EC00FD3BDE /* Build configuration list for PBXNativeTarget "PaperPlaneTests" */;
			buildPhases = (
				C932449318D6C6EC00FD3BDE /* Sources */,
				C932449418D6C6EC00FD3BDE /* Frameworks */,
				C932449518D6C6EC00FD3BDE /* Resources */,
			);
			buildRules = (
			);
			dependencies = (
				C932449D18D6C6EC00FD3BDE /* PBXTargetDependency */,
			);
			name = PaperPlaneTests;
			productName = PaperPlaneTests;
			productReference = C932449718D6C6EC00FD3BDE /* PaperPlaneTests.xctest */;
			productType = "com.apple.product-type.bundle.unit-test";
		};
/* End PBXNativeTarget section */

/* Begin PBXProject section */
		C932447418D6C6EC00FD3BDE /* Project object */ = {
			isa = PBXProject;
			attributes = {
				CLASSPREFIX = PPP;
				LastUpgradeCheck = 0510;
				ORGANIZATIONNAME = "Matt Rubin";
				TargetAttributes = {
					C932449618D6C6EC00FD3BDE = {
						TestTargetID = C932447B18D6C6EC00FD3BDE;
					};
				};
			};
			buildConfigurationList = C932447718D6C6EC00FD3BDE /* Build configuration list for PBXProject "PaperPlane" */;
			compatibilityVersion = "Xcode 3.2";
			developmentRegion = English;
			hasScannedForEncodings = 0;
			knownRegions = (
				en,
			);
			mainGroup = C932447318D6C6EC00FD3BDE;
			productRefGroup = C932447D18D6C6EC00FD3BDE /* Products */;
			projectDirPath = "";
			projectRoot = "";
			targets = (
				C932447B18D6C6EC00FD3BDE /* PaperPlane */,
				C932449618D6C6EC00FD3BDE /* PaperPlaneTests */,
			);
		};
/* End PBXProject section */

/* Begin PBXResourcesBuildPhase section */
		C932447A18D6C6EC00FD3BDE /* Resources */ = {
			isa = PBXResourcesBuildPhase;
			buildActionMask = 2147483647;
			files = (
				C932449218D6C6EC00FD3BDE /* Images.xcassets in Resources */,
			);
			runOnlyForDeploymentPostprocessing = 0;
		};
		C932449518D6C6EC00FD3BDE /* Resources */ = {
			isa = PBXResourcesBuildPhase;
			buildActionMask = 2147483647;
			files = (
			);
			runOnlyForDeploymentPostprocessing = 0;
		};
/* End PBXResourcesBuildPhase section */

/* Begin PBXSourcesBuildPhase section */
		C932447818D6C6EC00FD3BDE /* Sources */ = {
			isa = PBXSourcesBuildPhase;
			buildActionMask = 2147483647;
			files = (
				C95B622418DA2199000C0058 /* PPPConversationViewController.m in Sources */,
				C9DEABA518D82C530092B1D4 /* PPPMessage.m in Sources */,
				C9DEABA218D82B5B0092B1D4 /* PPPMessageTableViewController.m in Sources */,
				C932448C18D6C6EC00FD3BDE /* main.m in Sources */,
				C9DEABA918D82EE10092B1D4 /* PPPConversation.m in Sources */,
				C932449018D6C6EC00FD3BDE /* PPPAppDelegate.m in Sources */,
			);
			runOnlyForDeploymentPostprocessing = 0;
		};
		C932449318D6C6EC00FD3BDE /* Sources */ = {
			isa = PBXSourcesBuildPhase;
			buildActionMask = 2147483647;
			files = (
				C93244A518D6C6EC00FD3BDE /* PaperPlaneTests.m in Sources */,
			);
			runOnlyForDeploymentPostprocessing = 0;
		};
/* End PBXSourcesBuildPhase section */

/* Begin PBXTargetDependency section */
		C932449D18D6C6EC00FD3BDE /* PBXTargetDependency */ = {
			isa = PBXTargetDependency;
			target = C932447B18D6C6EC00FD3BDE /* PaperPlane */;
			targetProxy = C932449C18D6C6EC00FD3BDE /* PBXContainerItemProxy */;
		};
/* End PBXTargetDependency section */

/* Begin XCBuildConfiguration section */
		C93244A618D6C6EC00FD3BDE /* Debug */ = {
			isa = XCBuildConfiguration;
			buildSettings = {
				ALWAYS_SEARCH_USER_PATHS = NO;
				CLANG_CXX_LANGUAGE_STANDARD = "gnu++0x";
				CLANG_CXX_LIBRARY = "libc++";
				CLANG_ENABLE_MODULES = YES;
				CLANG_ENABLE_OBJC_ARC = YES;
				CLANG_WARN_BOOL_CONVERSION = YES;
				CLANG_WARN_CONSTANT_CONVERSION = YES;
				CLANG_WARN_DIRECT_OBJC_ISA_USAGE = YES_ERROR;
				CLANG_WARN_EMPTY_BODY = YES;
				CLANG_WARN_ENUM_CONVERSION = YES;
				CLANG_WARN_INT_CONVERSION = YES;
				CLANG_WARN_OBJC_ROOT_CLASS = YES_ERROR;
				CLANG_WARN__DUPLICATE_METHOD_MATCH = YES;
				"CODE_SIGN_IDENTITY[sdk=iphoneos*]" = "iPhone Developer";
				COPY_PHASE_STRIP = NO;
				GCC_C_LANGUAGE_STANDARD = gnu99;
				GCC_DYNAMIC_NO_PIC = NO;
				GCC_OPTIMIZATION_LEVEL = 0;
				GCC_PREPROCESSOR_DEFINITIONS = (
					"DEBUG=1",
					"$(inherited)",
				);
				GCC_SYMBOLS_PRIVATE_EXTERN = NO;
				GCC_WARN_64_TO_32_BIT_CONVERSION = YES;
				GCC_WARN_ABOUT_RETURN_TYPE = YES_ERROR;
				GCC_WARN_UNDECLARED_SELECTOR = YES;
				GCC_WARN_UNINITIALIZED_AUTOS = YES_AGGRESSIVE;
				GCC_WARN_UNUSED_FUNCTION = YES;
				GCC_WARN_UNUSED_VARIABLE = YES;
				IPHONEOS_DEPLOYMENT_TARGET = 7.1;
				ONLY_ACTIVE_ARCH = YES;
				SDKROOT = iphoneos;
			};
			name = Debug;
		};
		C93244A718D6C6EC00FD3BDE /* Release */ = {
			isa = XCBuildConfiguration;
			buildSettings = {
				ALWAYS_SEARCH_USER_PATHS = NO;
				CLANG_CXX_LANGUAGE_STANDARD = "gnu++0x";
				CLANG_CXX_LIBRARY = "libc++";
				CLANG_ENABLE_MODULES = YES;
				CLANG_ENABLE_OBJC_ARC = YES;
				CLANG_WARN_BOOL_CONVERSION = YES;
				CLANG_WARN_CONSTANT_CONVERSION = YES;
				CLANG_WARN_DIRECT_OBJC_ISA_USAGE = YES_ERROR;
				CLANG_WARN_EMPTY_BODY = YES;
				CLANG_WARN_ENUM_CONVERSION = YES;
				CLANG_WARN_INT_CONVERSION = YES;
				CLANG_WARN_OBJC_ROOT_CLASS = YES_ERROR;
				CLANG_WARN__DUPLICATE_METHOD_MATCH = YES;
				"CODE_SIGN_IDENTITY[sdk=iphoneos*]" = "iPhone Developer";
				COPY_PHASE_STRIP = YES;
				ENABLE_NS_ASSERTIONS = NO;
				GCC_C_LANGUAGE_STANDARD = gnu99;
				GCC_WARN_64_TO_32_BIT_CONVERSION = YES;
				GCC_WARN_ABOUT_RETURN_TYPE = YES_ERROR;
				GCC_WARN_UNDECLARED_SELECTOR = YES;
				GCC_WARN_UNINITIALIZED_AUTOS = YES_AGGRESSIVE;
				GCC_WARN_UNUSED_FUNCTION = YES;
				GCC_WARN_UNUSED_VARIABLE = YES;
				IPHONEOS_DEPLOYMENT_TARGET = 7.1;
				SDKROOT = iphoneos;
				VALIDATE_PRODUCT = YES;
			};
			name = Release;
		};
		C93244A918D6C6EC00FD3BDE /* Debug */ = {
			isa = XCBuildConfiguration;
			buildSettings = {
				ASSETCATALOG_COMPILER_APPICON_NAME = AppIcon;
				ASSETCATALOG_COMPILER_LAUNCHIMAGE_NAME = LaunchImage;
				GCC_PRECOMPILE_PREFIX_HEADER = YES;
				INFOPLIST_FILE = "PaperPlane/PaperPlane-Info.plist";
				PRODUCT_NAME = "$(TARGET_NAME)";
				WRAPPER_EXTENSION = app;
			};
			name = Debug;
		};
		C93244AA18D6C6EC00FD3BDE /* Release */ = {
			isa = XCBuildConfiguration;
			buildSettings = {
				ASSETCATALOG_COMPILER_APPICON_NAME = AppIcon;
				ASSETCATALOG_COMPILER_LAUNCHIMAGE_NAME = LaunchImage;
				GCC_PRECOMPILE_PREFIX_HEADER = YES;
				INFOPLIST_FILE = "PaperPlane/PaperPlane-Info.plist";
				PRODUCT_NAME = "$(TARGET_NAME)";
				WRAPPER_EXTENSION = app;
			};
			name = Release;
		};
		C93244AC18D6C6EC00FD3BDE /* Debug */ = {
			isa = XCBuildConfiguration;
			buildSettings = {
				BUNDLE_LOADER = "$(BUILT_PRODUCTS_DIR)/PaperPlane.app/PaperPlane";
				FRAMEWORK_SEARCH_PATHS = (
					"$(SDKROOT)/Developer/Library/Frameworks",
					"$(inherited)",
					"$(DEVELOPER_FRAMEWORKS_DIR)",
				);
				PRODUCT_NAME = "$(TARGET_NAME)";
				TEST_HOST = "$(BUNDLE_LOADER)";
				WRAPPER_EXTENSION = xctest;
			};
			name = Debug;
		};
		C93244AD18D6C6EC00FD3BDE /* Release */ = {
			isa = XCBuildConfiguration;
			buildSettings = {
				BUNDLE_LOADER = "$(BUILT_PRODUCTS_DIR)/PaperPlane.app/PaperPlane";
				FRAMEWORK_SEARCH_PATHS = (
					"$(SDKROOT)/Developer/Library/Frameworks",
					"$(inherited)",
					"$(DEVELOPER_FRAMEWORKS_DIR)",
				);
				PRODUCT_NAME = "$(TARGET_NAME)";
				TEST_HOST = "$(BUNDLE_LOADER)";
				WRAPPER_EXTENSION = xctest;
			};
			name = Release;
		};
/* End XCBuildConfiguration section */

/* Begin XCConfigurationList section */
		C932447718D6C6EC00FD3BDE /* Build configuration list for PBXProject "PaperPlane" */ = {
			isa = XCConfigurationList;
			buildConfigurations = (
				C93244A618D6C6EC00FD3BDE /* Debug */,
				C93244A718D6C6EC00FD3BDE /* Release */,
			);
			defaultConfigurationIsVisible = 0;
			defaultConfigurationName = Release;
		};
		C93244A818D6C6EC00FD3BDE /* Build configuration list for PBXNativeTarget "PaperPlane" */ = {
			isa = XCConfigurationList;
			buildConfigurations = (
				C93244A918D6C6EC00FD3BDE /* Debug */,
				C93244AA18D6C6EC00FD3BDE /* Release */,
			);
			defaultConfigurationIsVisible = 0;
			defaultConfigurationName = Release;
		};
		C93244AB18D6C6EC00FD3BDE /* Build configuration list for PBXNativeTarget "PaperPlaneTests" */ = {
			isa = XCConfigurationList;
			buildConfigurations = (
				C93244AC18D6C6EC00FD3BDE /* Debug */,
				C93244AD18D6C6EC00FD3BDE /* Release */,
			);
			defaultConfigurationIsVisible = 0;
			defaultConfigurationName = Release;
		};
/* End XCConfigurationList section */
	};
	rootObject = C932447418D6C6EC00FD3BDE /* Project object */;
}
